schema: '2.0'
stages:
  prepare:
    cmd: python src/prepare.py
    deps:
    - path: src/prepare.py
      hash: md5
      md5: 585328970a1fbbe5634f6f9a4cc6df4b
      size: 484
    outs:
    - path: data/raw
      hash: md5
      md5: e58ffa629ba2153db86a355835d5032b.dir
      size: 30869943
      nfiles: 2
  preprocess:
    cmd: python src/preprocess.py
    deps:
    - path: data/raw
      hash: md5
      md5: e58ffa629ba2153db86a355835d5032b.dir
      size: 30869943
      nfiles: 2
    - path: src/preprocess.py
      hash: md5
      md5: 08c3571069558b8eb242b031dd6abca8
      size: 1551
    params:
      params.yaml:
        preprocess.seed: 42
        preprocess.test_size: 0.2
    outs:
    - path: data/processed
      hash: md5
      md5: ee9544078b168adb5bb46e4f93f6c2cb.dir
      size: 45388706
      nfiles: 3
  train:
    cmd: python src/train.py
    deps:
    - path: data/processed
      hash: md5
      md5: ee9544078b168adb5bb46e4f93f6c2cb.dir
      size: 45388706
      nfiles: 3
    - path: src/train.py
      hash: md5
      md5: 6abb8b55ad7202a749a698a67e22f7a5
      size: 1982
    params:
      params.yaml:
        train.batch_size: 32
        train.dense_units: 256
        train.dropout_rate: 0.2
        train.epochs: 10
        train.learning_rate: 0.001
    outs:
    - path: models/history.csv
      hash: md5
      md5: 4580d0eb934fd166999721d743359a04
      size: 838
    - path: models/model.h5
      hash: md5
      md5: 2af5e2df59f4b11feebc08198b784ae6
      size: 2466904
  evaluate:
    cmd: python src/evaluate.py
    deps:
    - path: data/processed
      hash: md5
      md5: ee9544078b168adb5bb46e4f93f6c2cb.dir
      size: 45388706
      nfiles: 3
    - path: models/model.h5
      hash: md5
      md5: 2af5e2df59f4b11feebc08198b784ae6
      size: 2466904
    - path: src/evaluate.py
      hash: md5
      md5: 0cb94e8694fc9d3d8ac89ede0d3a60f5
      size: 1359
    outs:
    - path: confusion_matrix.png
      hash: md5
      md5: 556d426e63621c1b009cdff161917577
      size: 57940
    - path: metrics.json
      hash: md5
      md5: 227a5d6fe7217a11fc01f5f137c7b028
      size: 84
